# This file is automatically @generated by Cargo.
# It is not intended for manual editing.
version = 3

[[package]]
name = "aho-corasick"
version = "1.1.3"
source = "registry+https://github.com/rust-lang/crates.io-index"
checksum = "8e60d3430d3a69478ad0993f19238d2df97c507009a52b3c10addcd7f6bcb916"
dependencies = [
 "memchr",
]

[[package]]
name = "cadence"
version = "0.8.2"
source = "registry+https://github.com/rust-lang/crates.io-index"
checksum = "b4fb40d3f59150e23d59d759544e1b0089273557696d49d085d9bc1c32469169"
dependencies = [
 "log 0.3.9",
 "threadpool",
]

[[package]]
name = "cfg-if"
version = "0.1.2"
source = "registry+https://github.com/rust-lang/crates.io-index"
checksum = "d4c819a1287eb618df47cc647173c5c4c66ba19d888a6e50d605672aed3140de"

[[package]]
name = "docopt"
version = "1.1.1"
source = "registry+https://github.com/rust-lang/crates.io-index"
checksum = "7f3f119846c823f9eafcf953a8f6ffb6ed69bf6240883261a7f13b634579a51f"
dependencies = [
 "lazy_static",
 "regex",
 "serde",
 "strsim",
]

[[package]]
name = "http-log-to-statsd"
version = "0.6.2"
dependencies = [
 "cadence",
 "docopt",
 "serde",
]

[[package]]
name = "lazy_static"
version = "1.4.0"
source = "registry+https://github.com/rust-lang/crates.io-index"
checksum = "e2abad23fbc42b3700f2f279844dc832adb2b2eb069b2df918f455c4e18cc646"

[[package]]
name = "libc"
version = "0.2.40"
source = "registry+https://github.com/rust-lang/crates.io-index"
checksum = "6fd41f331ac7c5b8ac259b8bf82c75c0fb2e469bbf37d2becbba9a6a2221965b"

[[package]]
name = "log"
version = "0.3.9"
source = "registry+https://github.com/rust-lang/crates.io-index"
checksum = "e19e8d5c34a3e0e2223db8e060f9e8264aeeb5c5fc64a4ee9965c062211c024b"
dependencies = [
 "log 0.4.1",
]

[[package]]
name = "log"
version = "0.4.1"
source = "registry+https://github.com/rust-lang/crates.io-index"
checksum = "89f010e843f2b1a31dbd316b3b8d443758bc634bed37aabade59c686d644e0a2"
dependencies = [
 "cfg-if",
]

[[package]]
name = "memchr"
version = "2.7.1"
source = "registry+https://github.com/rust-lang/crates.io-index"
checksum = "523dc4f511e55ab87b694dc30d0f820d60906ef06413f93d4d7a1385599cc149"

[[package]]
name = "num_cpus"
version = "1.8.0"
source = "registry+https://github.com/rust-lang/crates.io-index"
checksum = "c51a3322e4bca9d212ad9a158a02abc6934d005490c054a2778df73a70aa0a30"
dependencies = [
 "libc",
]

[[package]]
name = "proc-macro2"
version = "1.0.79"
source = "registry+https://github.com/rust-lang/crates.io-index"
checksum = "e835ff2298f5721608eb1a980ecaee1aef2c132bf95ecc026a11b7bf3c01c02e"
dependencies = [
 "unicode-ident",
]

[[package]]
name = "quote"
version = "1.0.35"
source = "registry+https://github.com/rust-lang/crates.io-index"
checksum = "291ec9ab5efd934aaf503a6466c5d5251535d108ee747472c3977cc5acc868ef"
dependencies = [
 "proc-macro2",
]

[[package]]
name = "regex"
version = "1.10.4"
source = "registry+https://github.com/rust-lang/crates.io-index"
checksum = "c117dbdfde9c8308975b6a18d71f3f385c89461f7b3fb054288ecf2a2058ba4c"
dependencies = [
 "aho-corasick",
 "memchr",
 "regex-automata",
 "regex-syntax",
]

[[package]]
name = "regex-automata"
version = "0.4.6"
source = "registry+https://github.com/rust-lang/crates.io-index"
checksum = "86b83b8b9847f9bf95ef68afb0b8e6cdb80f498442f5179a29fad448fcc1eaea"
dependencies = [
 "aho-corasick",
 "memchr",
 "regex-syntax",
]

[[package]]
name = "regex-syntax"
version = "0.8.2"
source = "registry+https://github.com/rust-lang/crates.io-index"
checksum = "c08c74e62047bb2de4ff487b251e4a92e24f48745648451635cec7d591162d9f"

[[package]]
name = "serde"
version = "1.0.197"
source = "registry+https://github.com/rust-lang/crates.io-index"
checksum = "3fb1c873e1b9b056a4dc4c0c198b24c3ffa059243875552b2bd0933b1aee4ce2"
dependencies = [
 "serde_derive",
]

[[package]]
name = "serde_derive"
version = "1.0.197"
source = "registry+https://github.com/rust-lang/crates.io-index"
checksum = "7eb0b34b42edc17f6b7cac84a52a1c5f0e1bb2227e997ca9011ea3dd34e8610b"
dependencies = [
 "proc-macro2",
 "quote",
 "syn",
]

[[package]]
name = "strsim"
version = "0.10.0"
source = "registry+https://github.com/rust-lang/crates.io-index"
checksum = "73473c0e59e6d5812c5dfe2a064a6444949f089e20eec9a2e5506596494e4623"

[[package]]
name = "syn"
version = "2.0.55"
source = "registry+https://github.com/rust-lang/crates.io-index"
checksum = "002a1b3dbf967edfafc32655d0f377ab0bb7b994aa1d32c8cc7e9b8bf3ebb8f0"
dependencies = [
 "proc-macro2",
 "quote",
 "unicode-ident",
]

[[package]]
name = "threadpool"
version = "1.7.1"
source = "registry+https://github.com/rust-lang/crates.io-index"
checksum = "e2f0c90a5f3459330ac8bc0d2f879c693bb7a2f59689c1083fc4ef83834da865"
dependencies = [
 "num_cpus",
]

[[package]]
name = "unicode-ident"
version = "1.0.12"
source = "registry+https://github.com/rust-lang/crates.io-index"
checksum = "3354b9ac3fae1ff6755cb6db53683adb661634f67557942dea4facebec0fee4b"
